<?xml version="1.0" encoding="utf-8"?>
<Project ToolsVersion="16.0" xmlns="http://schemas.microsoft.com/developer/msbuild/2003">
  <ItemGroup>
    <CustomBuild Include="D:\work\source\aoc\2016\day05\buildWin\CMakeFiles\cee070c4e532cf0863ca2b6a031832f6\generate.stamp.rule">
      <Filter>CMake Rules</Filter>
    </CustomBuild>
  </ItemGroup>
  <ItemGroup>
    <Filter Include="CMake Rules">
      <UniqueIdentifier>{A061F7B3-B621-3CC2-A19D-36883E90F495}</UniqueIdentifier>
    </Filter>
  </ItemGroup>
</Project>
