Microsoft Visual Studio Solution File, Format Version 12.00
# Visual Studio 16
Project("{8BC9CEB8-8B4A-11D0-8D11-00A0C91BC942}") = "ALL_BUILD", "ALL_BUILD.vcxproj", "{FC69DFC2-58C8-3B84-88D7-472E90B25B3C}"
	ProjectSection(ProjectDependencies) = postProject
		{09FDC832-5D59-3980-8585-B3E5A46D2D5F} = {09FDC832-5D59-3980-8585-B3E5A46D2D5F}
		{12FBE0F7-E3A1-3542-AE2B-EE91386DE36B} = {12FBE0F7-E3A1-3542-AE2B-EE91386DE36B}
	EndProjectSection
EndProject
Project("{8BC9CEB8-8B4A-11D0-8D11-00A0C91BC942}") = "ZERO_CHECK", "ZERO_CHECK.vcxproj", "{09FDC832-5D59-3980-8585-B3E5A46D2D5F}"
	ProjectSection(ProjectDependencies) = postProject
	EndProjectSection
EndProject
Project("{8BC9CEB8-8B4A-11D0-8D11-00A0C91BC942}") = "run", "run.vcxproj", "{12FBE0F7-E3A1-3542-AE2B-EE91386DE36B}"
	ProjectSection(ProjectDependencies) = postProject
		{09FDC832-5D59-3980-8585-B3E5A46D2D5F} = {09FDC832-5D59-3980-8585-B3E5A46D2D5F}
	EndProjectSection
EndProject
Global
	GlobalSection(SolutionConfigurationPlatforms) = preSolution
		Debug|x64 = Debug|x64
		Release|x64 = Release|x64
		MinSizeRel|x64 = MinSizeRel|x64
		RelWithDebInfo|x64 = RelWithDebInfo|x64
	EndGlobalSection
	GlobalSection(ProjectConfigurationPlatforms) = postSolution
		{FC69DFC2-58C8-3B84-88D7-472E90B25B3C}.Debug|x64.ActiveCfg = Debug|x64
		{FC69DFC2-58C8-3B84-88D7-472E90B25B3C}.Release|x64.ActiveCfg = Release|x64
		{FC69DFC2-58C8-3B84-88D7-472E90B25B3C}.MinSizeRel|x64.ActiveCfg = MinSizeRel|x64
		{FC69DFC2-58C8-3B84-88D7-472E90B25B3C}.RelWithDebInfo|x64.ActiveCfg = RelWithDebInfo|x64
		{09FDC832-5D59-3980-8585-B3E5A46D2D5F}.Debug|x64.ActiveCfg = Debug|x64
		{09FDC832-5D59-3980-8585-B3E5A46D2D5F}.Debug|x64.Build.0 = Debug|x64
		{09FDC832-5D59-3980-8585-B3E5A46D2D5F}.Release|x64.ActiveCfg = Release|x64
		{09FDC832-5D59-3980-8585-B3E5A46D2D5F}.Release|x64.Build.0 = Release|x64
		{09FDC832-5D59-3980-8585-B3E5A46D2D5F}.MinSizeRel|x64.ActiveCfg = MinSizeRel|x64
		{09FDC832-5D59-3980-8585-B3E5A46D2D5F}.MinSizeRel|x64.Build.0 = MinSizeRel|x64
		{09FDC832-5D59-3980-8585-B3E5A46D2D5F}.RelWithDebInfo|x64.ActiveCfg = RelWithDebInfo|x64
		{09FDC832-5D59-3980-8585-B3E5A46D2D5F}.RelWithDebInfo|x64.Build.0 = RelWithDebInfo|x64
		{12FBE0F7-E3A1-3542-AE2B-EE91386DE36B}.Debug|x64.ActiveCfg = Debug|x64
		{12FBE0F7-E3A1-3542-AE2B-EE91386DE36B}.Debug|x64.Build.0 = Debug|x64
		{12FBE0F7-E3A1-3542-AE2B-EE91386DE36B}.Release|x64.ActiveCfg = Release|x64
		{12FBE0F7-E3A1-3542-AE2B-EE91386DE36B}.Release|x64.Build.0 = Release|x64
		{12FBE0F7-E3A1-3542-AE2B-EE91386DE36B}.MinSizeRel|x64.ActiveCfg = MinSizeRel|x64
		{12FBE0F7-E3A1-3542-AE2B-EE91386DE36B}.MinSizeRel|x64.Build.0 = MinSizeRel|x64
		{12FBE0F7-E3A1-3542-AE2B-EE91386DE36B}.RelWithDebInfo|x64.ActiveCfg = RelWithDebInfo|x64
		{12FBE0F7-E3A1-3542-AE2B-EE91386DE36B}.RelWithDebInfo|x64.Build.0 = RelWithDebInfo|x64
	EndGlobalSection
	GlobalSection(ExtensibilityGlobals) = postSolution
		SolutionGuid = {DC72060F-6DE9-3758-8348-60958A15EFB6}
	EndGlobalSection
	GlobalSection(ExtensibilityAddIns) = postSolution
	EndGlobalSection
EndGlobal
