Microsoft Visual Studio Solution File, Format Version 12.00
# Visual Studio 16
Project("{8BC9CEB8-8B4A-11D0-8D11-00A0C91BC942}") = "ALL_BUILD", "ALL_BUILD.vcxproj", "{A7C77114-73C6-3EA1-856C-4ACFA003102B}"
	ProjectSection(ProjectDependencies) = postProject
		{03313B94-1E7F-3958-8049-3E32E6FFA8A1} = {03313B94-1E7F-3958-8049-3E32E6FFA8A1}
		{8B872929-2E04-33AB-BB83-D9B9C3AB0A0F} = {8B872929-2E04-33AB-BB83-D9B9C3AB0A0F}
	EndProjectSection
EndProject
Project("{8BC9CEB8-8B4A-11D0-8D11-00A0C91BC942}") = "ZERO_CHECK", "ZERO_CHECK.vcxproj", "{03313B94-1E7F-3958-8049-3E32E6FFA8A1}"
	ProjectSection(ProjectDependencies) = postProject
	EndProjectSection
EndProject
Project("{8BC9CEB8-8B4A-11D0-8D11-00A0C91BC942}") = "run", "run.vcxproj", "{8B872929-2E04-33AB-BB83-D9B9C3AB0A0F}"
	ProjectSection(ProjectDependencies) = postProject
		{03313B94-1E7F-3958-8049-3E32E6FFA8A1} = {03313B94-1E7F-3958-8049-3E32E6FFA8A1}
	EndProjectSection
EndProject
Global
	GlobalSection(SolutionConfigurationPlatforms) = preSolution
		Debug|x64 = Debug|x64
		Release|x64 = Release|x64
		MinSizeRel|x64 = MinSizeRel|x64
		RelWithDebInfo|x64 = RelWithDebInfo|x64
	EndGlobalSection
	GlobalSection(ProjectConfigurationPlatforms) = postSolution
		{A7C77114-73C6-3EA1-856C-4ACFA003102B}.Debug|x64.ActiveCfg = Debug|x64
		{A7C77114-73C6-3EA1-856C-4ACFA003102B}.Release|x64.ActiveCfg = Release|x64
		{A7C77114-73C6-3EA1-856C-4ACFA003102B}.MinSizeRel|x64.ActiveCfg = MinSizeRel|x64
		{A7C77114-73C6-3EA1-856C-4ACFA003102B}.RelWithDebInfo|x64.ActiveCfg = RelWithDebInfo|x64
		{03313B94-1E7F-3958-8049-3E32E6FFA8A1}.Debug|x64.ActiveCfg = Debug|x64
		{03313B94-1E7F-3958-8049-3E32E6FFA8A1}.Debug|x64.Build.0 = Debug|x64
		{03313B94-1E7F-3958-8049-3E32E6FFA8A1}.Release|x64.ActiveCfg = Release|x64
		{03313B94-1E7F-3958-8049-3E32E6FFA8A1}.Release|x64.Build.0 = Release|x64
		{03313B94-1E7F-3958-8049-3E32E6FFA8A1}.MinSizeRel|x64.ActiveCfg = MinSizeRel|x64
		{03313B94-1E7F-3958-8049-3E32E6FFA8A1}.MinSizeRel|x64.Build.0 = MinSizeRel|x64
		{03313B94-1E7F-3958-8049-3E32E6FFA8A1}.RelWithDebInfo|x64.ActiveCfg = RelWithDebInfo|x64
		{03313B94-1E7F-3958-8049-3E32E6FFA8A1}.RelWithDebInfo|x64.Build.0 = RelWithDebInfo|x64
		{8B872929-2E04-33AB-BB83-D9B9C3AB0A0F}.Debug|x64.ActiveCfg = Debug|x64
		{8B872929-2E04-33AB-BB83-D9B9C3AB0A0F}.Debug|x64.Build.0 = Debug|x64
		{8B872929-2E04-33AB-BB83-D9B9C3AB0A0F}.Release|x64.ActiveCfg = Release|x64
		{8B872929-2E04-33AB-BB83-D9B9C3AB0A0F}.Release|x64.Build.0 = Release|x64
		{8B872929-2E04-33AB-BB83-D9B9C3AB0A0F}.MinSizeRel|x64.ActiveCfg = MinSizeRel|x64
		{8B872929-2E04-33AB-BB83-D9B9C3AB0A0F}.MinSizeRel|x64.Build.0 = MinSizeRel|x64
		{8B872929-2E04-33AB-BB83-D9B9C3AB0A0F}.RelWithDebInfo|x64.ActiveCfg = RelWithDebInfo|x64
		{8B872929-2E04-33AB-BB83-D9B9C3AB0A0F}.RelWithDebInfo|x64.Build.0 = RelWithDebInfo|x64
	EndGlobalSection
	GlobalSection(ExtensibilityGlobals) = postSolution
		SolutionGuid = {27C3F90E-59FD-35F4-95F8-82ED2111D476}
	EndGlobalSection
	GlobalSection(ExtensibilityAddIns) = postSolution
	EndGlobalSection
EndGlobal
