Microsoft Visual Studio Solution File, Format Version 12.00
# Visual Studio 16
<<<<<<< HEAD
Project("{8BC9CEB8-8B4A-11D0-8D11-00A0C91BC942}") = "ALL_BUILD", "ALL_BUILD.vcxproj", "{D8E913BB-7157-31D8-8F1F-24472364A03D}"
	ProjectSection(ProjectDependencies) = postProject
		{0C325E12-CF5D-3535-BF29-2BCD6680831A} = {0C325E12-CF5D-3535-BF29-2BCD6680831A}
		{F72E6FDA-FE50-3D23-B0C7-C30788C51AC1} = {F72E6FDA-FE50-3D23-B0C7-C30788C51AC1}
	EndProjectSection
EndProject
Project("{8BC9CEB8-8B4A-11D0-8D11-00A0C91BC942}") = "ZERO_CHECK", "ZERO_CHECK.vcxproj", "{0C325E12-CF5D-3535-BF29-2BCD6680831A}"
	ProjectSection(ProjectDependencies) = postProject
	EndProjectSection
EndProject
Project("{8BC9CEB8-8B4A-11D0-8D11-00A0C91BC942}") = "run", "run.vcxproj", "{F72E6FDA-FE50-3D23-B0C7-C30788C51AC1}"
	ProjectSection(ProjectDependencies) = postProject
		{0C325E12-CF5D-3535-BF29-2BCD6680831A} = {0C325E12-CF5D-3535-BF29-2BCD6680831A}
=======
Project("{8BC9CEB8-8B4A-11D0-8D11-00A0C91BC942}") = "ALL_BUILD", "ALL_BUILD.vcxproj", "{B09EB4E3-B98E-34CE-B437-57D12AC81A3A}"
	ProjectSection(ProjectDependencies) = postProject
		{4A5B4801-F231-31D3-AC19-535492688695} = {4A5B4801-F231-31D3-AC19-535492688695}
		{1E1CD8FC-FAD6-3151-8E84-54D3BBDC4DF1} = {1E1CD8FC-FAD6-3151-8E84-54D3BBDC4DF1}
	EndProjectSection
EndProject
Project("{8BC9CEB8-8B4A-11D0-8D11-00A0C91BC942}") = "ZERO_CHECK", "ZERO_CHECK.vcxproj", "{4A5B4801-F231-31D3-AC19-535492688695}"
	ProjectSection(ProjectDependencies) = postProject
	EndProjectSection
EndProject
Project("{8BC9CEB8-8B4A-11D0-8D11-00A0C91BC942}") = "run", "run.vcxproj", "{1E1CD8FC-FAD6-3151-8E84-54D3BBDC4DF1}"
	ProjectSection(ProjectDependencies) = postProject
		{4A5B4801-F231-31D3-AC19-535492688695} = {4A5B4801-F231-31D3-AC19-535492688695}
>>>>>>> f69be15c8a1658e58b9bc238aed6779e3fd2ee48
	EndProjectSection
EndProject
Global
	GlobalSection(SolutionConfigurationPlatforms) = preSolution
		Debug|x64 = Debug|x64
		Release|x64 = Release|x64
		MinSizeRel|x64 = MinSizeRel|x64
		RelWithDebInfo|x64 = RelWithDebInfo|x64
	EndGlobalSection
	GlobalSection(ProjectConfigurationPlatforms) = postSolution
<<<<<<< HEAD
		{D8E913BB-7157-31D8-8F1F-24472364A03D}.Debug|x64.ActiveCfg = Debug|x64
		{D8E913BB-7157-31D8-8F1F-24472364A03D}.Release|x64.ActiveCfg = Release|x64
		{D8E913BB-7157-31D8-8F1F-24472364A03D}.MinSizeRel|x64.ActiveCfg = MinSizeRel|x64
		{D8E913BB-7157-31D8-8F1F-24472364A03D}.RelWithDebInfo|x64.ActiveCfg = RelWithDebInfo|x64
		{0C325E12-CF5D-3535-BF29-2BCD6680831A}.Debug|x64.ActiveCfg = Debug|x64
		{0C325E12-CF5D-3535-BF29-2BCD6680831A}.Debug|x64.Build.0 = Debug|x64
		{0C325E12-CF5D-3535-BF29-2BCD6680831A}.Release|x64.ActiveCfg = Release|x64
		{0C325E12-CF5D-3535-BF29-2BCD6680831A}.Release|x64.Build.0 = Release|x64
		{0C325E12-CF5D-3535-BF29-2BCD6680831A}.MinSizeRel|x64.ActiveCfg = MinSizeRel|x64
		{0C325E12-CF5D-3535-BF29-2BCD6680831A}.MinSizeRel|x64.Build.0 = MinSizeRel|x64
		{0C325E12-CF5D-3535-BF29-2BCD6680831A}.RelWithDebInfo|x64.ActiveCfg = RelWithDebInfo|x64
		{0C325E12-CF5D-3535-BF29-2BCD6680831A}.RelWithDebInfo|x64.Build.0 = RelWithDebInfo|x64
		{F72E6FDA-FE50-3D23-B0C7-C30788C51AC1}.Debug|x64.ActiveCfg = Debug|x64
		{F72E6FDA-FE50-3D23-B0C7-C30788C51AC1}.Debug|x64.Build.0 = Debug|x64
		{F72E6FDA-FE50-3D23-B0C7-C30788C51AC1}.Release|x64.ActiveCfg = Release|x64
		{F72E6FDA-FE50-3D23-B0C7-C30788C51AC1}.Release|x64.Build.0 = Release|x64
		{F72E6FDA-FE50-3D23-B0C7-C30788C51AC1}.MinSizeRel|x64.ActiveCfg = MinSizeRel|x64
		{F72E6FDA-FE50-3D23-B0C7-C30788C51AC1}.MinSizeRel|x64.Build.0 = MinSizeRel|x64
		{F72E6FDA-FE50-3D23-B0C7-C30788C51AC1}.RelWithDebInfo|x64.ActiveCfg = RelWithDebInfo|x64
		{F72E6FDA-FE50-3D23-B0C7-C30788C51AC1}.RelWithDebInfo|x64.Build.0 = RelWithDebInfo|x64
	EndGlobalSection
	GlobalSection(ExtensibilityGlobals) = postSolution
		SolutionGuid = {309CE889-887E-369C-B272-221F9733C9B2}
=======
		{B09EB4E3-B98E-34CE-B437-57D12AC81A3A}.Debug|x64.ActiveCfg = Debug|x64
		{B09EB4E3-B98E-34CE-B437-57D12AC81A3A}.Release|x64.ActiveCfg = Release|x64
		{B09EB4E3-B98E-34CE-B437-57D12AC81A3A}.MinSizeRel|x64.ActiveCfg = MinSizeRel|x64
		{B09EB4E3-B98E-34CE-B437-57D12AC81A3A}.RelWithDebInfo|x64.ActiveCfg = RelWithDebInfo|x64
		{4A5B4801-F231-31D3-AC19-535492688695}.Debug|x64.ActiveCfg = Debug|x64
		{4A5B4801-F231-31D3-AC19-535492688695}.Debug|x64.Build.0 = Debug|x64
		{4A5B4801-F231-31D3-AC19-535492688695}.Release|x64.ActiveCfg = Release|x64
		{4A5B4801-F231-31D3-AC19-535492688695}.Release|x64.Build.0 = Release|x64
		{4A5B4801-F231-31D3-AC19-535492688695}.MinSizeRel|x64.ActiveCfg = MinSizeRel|x64
		{4A5B4801-F231-31D3-AC19-535492688695}.MinSizeRel|x64.Build.0 = MinSizeRel|x64
		{4A5B4801-F231-31D3-AC19-535492688695}.RelWithDebInfo|x64.ActiveCfg = RelWithDebInfo|x64
		{4A5B4801-F231-31D3-AC19-535492688695}.RelWithDebInfo|x64.Build.0 = RelWithDebInfo|x64
		{1E1CD8FC-FAD6-3151-8E84-54D3BBDC4DF1}.Debug|x64.ActiveCfg = Debug|x64
		{1E1CD8FC-FAD6-3151-8E84-54D3BBDC4DF1}.Debug|x64.Build.0 = Debug|x64
		{1E1CD8FC-FAD6-3151-8E84-54D3BBDC4DF1}.Release|x64.ActiveCfg = Release|x64
		{1E1CD8FC-FAD6-3151-8E84-54D3BBDC4DF1}.Release|x64.Build.0 = Release|x64
		{1E1CD8FC-FAD6-3151-8E84-54D3BBDC4DF1}.MinSizeRel|x64.ActiveCfg = MinSizeRel|x64
		{1E1CD8FC-FAD6-3151-8E84-54D3BBDC4DF1}.MinSizeRel|x64.Build.0 = MinSizeRel|x64
		{1E1CD8FC-FAD6-3151-8E84-54D3BBDC4DF1}.RelWithDebInfo|x64.ActiveCfg = RelWithDebInfo|x64
		{1E1CD8FC-FAD6-3151-8E84-54D3BBDC4DF1}.RelWithDebInfo|x64.Build.0 = RelWithDebInfo|x64
	EndGlobalSection
	GlobalSection(ExtensibilityGlobals) = postSolution
		SolutionGuid = {E94F6A32-D5F0-3A86-9993-23D7EF14B71E}
>>>>>>> f69be15c8a1658e58b9bc238aed6779e3fd2ee48
	EndGlobalSection
	GlobalSection(ExtensibilityAddIns) = postSolution
	EndGlobalSection
EndGlobal
