Microsoft Visual Studio Solution File, Format Version 12.00
# Visual Studio 16
Project("{8BC9CEB8-8B4A-11D0-8D11-00A0C91BC942}") = "ALL_BUILD", "ALL_BUILD.vcxproj", "{63D6CF85-ED8E-39F8-9B38-C743EBC77363}"
	ProjectSection(ProjectDependencies) = postProject
		{3B4B9B36-A27B-39A3-8D1D-9B077CBF24E4} = {3B4B9B36-A27B-39A3-8D1D-9B077CBF24E4}
		{06BB23D1-51B5-3527-AA19-697F1EB326C3} = {06BB23D1-51B5-3527-AA19-697F1EB326C3}
	EndProjectSection
EndProject
Project("{8BC9CEB8-8B4A-11D0-8D11-00A0C91BC942}") = "ZERO_CHECK", "ZERO_CHECK.vcxproj", "{3B4B9B36-A27B-39A3-8D1D-9B077CBF24E4}"
	ProjectSection(ProjectDependencies) = postProject
	EndProjectSection
EndProject
Project("{8BC9CEB8-8B4A-11D0-8D11-00A0C91BC942}") = "run", "run.vcxproj", "{06BB23D1-51B5-3527-AA19-697F1EB326C3}"
	ProjectSection(ProjectDependencies) = postProject
		{3B4B9B36-A27B-39A3-8D1D-9B077CBF24E4} = {3B4B9B36-A27B-39A3-8D1D-9B077CBF24E4}
	EndProjectSection
EndProject
Global
	GlobalSection(SolutionConfigurationPlatforms) = preSolution
		Debug|x64 = Debug|x64
		Release|x64 = Release|x64
		MinSizeRel|x64 = MinSizeRel|x64
		RelWithDebInfo|x64 = RelWithDebInfo|x64
	EndGlobalSection
	GlobalSection(ProjectConfigurationPlatforms) = postSolution
		{63D6CF85-ED8E-39F8-9B38-C743EBC77363}.Debug|x64.ActiveCfg = Debug|x64
		{63D6CF85-ED8E-39F8-9B38-C743EBC77363}.Release|x64.ActiveCfg = Release|x64
		{63D6CF85-ED8E-39F8-9B38-C743EBC77363}.MinSizeRel|x64.ActiveCfg = MinSizeRel|x64
		{63D6CF85-ED8E-39F8-9B38-C743EBC77363}.RelWithDebInfo|x64.ActiveCfg = RelWithDebInfo|x64
		{3B4B9B36-A27B-39A3-8D1D-9B077CBF24E4}.Debug|x64.ActiveCfg = Debug|x64
		{3B4B9B36-A27B-39A3-8D1D-9B077CBF24E4}.Debug|x64.Build.0 = Debug|x64
		{3B4B9B36-A27B-39A3-8D1D-9B077CBF24E4}.Release|x64.ActiveCfg = Release|x64
		{3B4B9B36-A27B-39A3-8D1D-9B077CBF24E4}.Release|x64.Build.0 = Release|x64
		{3B4B9B36-A27B-39A3-8D1D-9B077CBF24E4}.MinSizeRel|x64.ActiveCfg = MinSizeRel|x64
		{3B4B9B36-A27B-39A3-8D1D-9B077CBF24E4}.MinSizeRel|x64.Build.0 = MinSizeRel|x64
		{3B4B9B36-A27B-39A3-8D1D-9B077CBF24E4}.RelWithDebInfo|x64.ActiveCfg = RelWithDebInfo|x64
		{3B4B9B36-A27B-39A3-8D1D-9B077CBF24E4}.RelWithDebInfo|x64.Build.0 = RelWithDebInfo|x64
		{06BB23D1-51B5-3527-AA19-697F1EB326C3}.Debug|x64.ActiveCfg = Debug|x64
		{06BB23D1-51B5-3527-AA19-697F1EB326C3}.Debug|x64.Build.0 = Debug|x64
		{06BB23D1-51B5-3527-AA19-697F1EB326C3}.Release|x64.ActiveCfg = Release|x64
		{06BB23D1-51B5-3527-AA19-697F1EB326C3}.Release|x64.Build.0 = Release|x64
		{06BB23D1-51B5-3527-AA19-697F1EB326C3}.MinSizeRel|x64.ActiveCfg = MinSizeRel|x64
		{06BB23D1-51B5-3527-AA19-697F1EB326C3}.MinSizeRel|x64.Build.0 = MinSizeRel|x64
		{06BB23D1-51B5-3527-AA19-697F1EB326C3}.RelWithDebInfo|x64.ActiveCfg = RelWithDebInfo|x64
		{06BB23D1-51B5-3527-AA19-697F1EB326C3}.RelWithDebInfo|x64.Build.0 = RelWithDebInfo|x64
	EndGlobalSection
	GlobalSection(ExtensibilityGlobals) = postSolution
		SolutionGuid = {55BFAF81-1BEC-3352-949F-52AE1B3E7013}
	EndGlobalSection
	GlobalSection(ExtensibilityAddIns) = postSolution
	EndGlobalSection
EndGlobal
