<?xml version="1.0" encoding="utf-8"?>
<Project ToolsVersion="16.0" xmlns="http://schemas.microsoft.com/developer/msbuild/2003">
  <ItemGroup>
    <ClCompile Include="W:\work\hack\aoc\2021\day05\main.cpp">
      <Filter>Source Files</Filter>
    </ClCompile>
  </ItemGroup>
  <ItemGroup>
    <CustomBuild Include="W:\work\hack\aoc\2021\day05\CMakeLists.txt" />
  </ItemGroup>
  <ItemGroup>
    <Filter Include="Source Files">
      <UniqueIdentifier>{DB11F9A5-8F9E-3D40-99D7-49B51966EB1E}</UniqueIdentifier>
    </Filter>
  </ItemGroup>
</Project>
