<?xml version="1.0" encoding="utf-8"?>
<Project ToolsVersion="16.0" xmlns="http://schemas.microsoft.com/developer/msbuild/2003">
  <ItemGroup>
    <CustomBuild Include="D:\work\source\aoc\2019\day04\buildWin\CMakeFiles\7fba877c581129c090e628898b836d4b\generate.stamp.rule">
      <Filter>CMake Rules</Filter>
    </CustomBuild>
  </ItemGroup>
  <ItemGroup>
    <Filter Include="CMake Rules">
      <UniqueIdentifier>{F40995D1-FF50-3CB7-9B4A-6D5C41CBAD68}</UniqueIdentifier>
    </Filter>
  </ItemGroup>
</Project>
