Microsoft Visual Studio Solution File, Format Version 12.00
# Visual Studio 16
Project("{8BC9CEB8-8B4A-11D0-8D11-00A0C91BC942}") = "ALL_BUILD", "ALL_BUILD.vcxproj", "{183DDFD7-FC3E-33C6-ADB3-2CC0D508618C}"
	ProjectSection(ProjectDependencies) = postProject
		{941E2B63-92E6-3454-8F10-BE75D04CDD15} = {941E2B63-92E6-3454-8F10-BE75D04CDD15}
		{D1360B6D-6C7F-30FB-B4FE-CDB21DE2A7FB} = {D1360B6D-6C7F-30FB-B4FE-CDB21DE2A7FB}
	EndProjectSection
EndProject
Project("{8BC9CEB8-8B4A-11D0-8D11-00A0C91BC942}") = "ZERO_CHECK", "ZERO_CHECK.vcxproj", "{941E2B63-92E6-3454-8F10-BE75D04CDD15}"
	ProjectSection(ProjectDependencies) = postProject
	EndProjectSection
EndProject
Project("{8BC9CEB8-8B4A-11D0-8D11-00A0C91BC942}") = "run", "run.vcxproj", "{D1360B6D-6C7F-30FB-B4FE-CDB21DE2A7FB}"
	ProjectSection(ProjectDependencies) = postProject
		{941E2B63-92E6-3454-8F10-BE75D04CDD15} = {941E2B63-92E6-3454-8F10-BE75D04CDD15}
	EndProjectSection
EndProject
Global
	GlobalSection(SolutionConfigurationPlatforms) = preSolution
		Debug|x64 = Debug|x64
		Release|x64 = Release|x64
		MinSizeRel|x64 = MinSizeRel|x64
		RelWithDebInfo|x64 = RelWithDebInfo|x64
	EndGlobalSection
	GlobalSection(ProjectConfigurationPlatforms) = postSolution
		{183DDFD7-FC3E-33C6-ADB3-2CC0D508618C}.Debug|x64.ActiveCfg = Debug|x64
		{183DDFD7-FC3E-33C6-ADB3-2CC0D508618C}.Release|x64.ActiveCfg = Release|x64
		{183DDFD7-FC3E-33C6-ADB3-2CC0D508618C}.MinSizeRel|x64.ActiveCfg = MinSizeRel|x64
		{183DDFD7-FC3E-33C6-ADB3-2CC0D508618C}.RelWithDebInfo|x64.ActiveCfg = RelWithDebInfo|x64
		{941E2B63-92E6-3454-8F10-BE75D04CDD15}.Debug|x64.ActiveCfg = Debug|x64
		{941E2B63-92E6-3454-8F10-BE75D04CDD15}.Debug|x64.Build.0 = Debug|x64
		{941E2B63-92E6-3454-8F10-BE75D04CDD15}.Release|x64.ActiveCfg = Release|x64
		{941E2B63-92E6-3454-8F10-BE75D04CDD15}.Release|x64.Build.0 = Release|x64
		{941E2B63-92E6-3454-8F10-BE75D04CDD15}.MinSizeRel|x64.ActiveCfg = MinSizeRel|x64
		{941E2B63-92E6-3454-8F10-BE75D04CDD15}.MinSizeRel|x64.Build.0 = MinSizeRel|x64
		{941E2B63-92E6-3454-8F10-BE75D04CDD15}.RelWithDebInfo|x64.ActiveCfg = RelWithDebInfo|x64
		{941E2B63-92E6-3454-8F10-BE75D04CDD15}.RelWithDebInfo|x64.Build.0 = RelWithDebInfo|x64
		{D1360B6D-6C7F-30FB-B4FE-CDB21DE2A7FB}.Debug|x64.ActiveCfg = Debug|x64
		{D1360B6D-6C7F-30FB-B4FE-CDB21DE2A7FB}.Debug|x64.Build.0 = Debug|x64
		{D1360B6D-6C7F-30FB-B4FE-CDB21DE2A7FB}.Release|x64.ActiveCfg = Release|x64
		{D1360B6D-6C7F-30FB-B4FE-CDB21DE2A7FB}.Release|x64.Build.0 = Release|x64
		{D1360B6D-6C7F-30FB-B4FE-CDB21DE2A7FB}.MinSizeRel|x64.ActiveCfg = MinSizeRel|x64
		{D1360B6D-6C7F-30FB-B4FE-CDB21DE2A7FB}.MinSizeRel|x64.Build.0 = MinSizeRel|x64
		{D1360B6D-6C7F-30FB-B4FE-CDB21DE2A7FB}.RelWithDebInfo|x64.ActiveCfg = RelWithDebInfo|x64
		{D1360B6D-6C7F-30FB-B4FE-CDB21DE2A7FB}.RelWithDebInfo|x64.Build.0 = RelWithDebInfo|x64
	EndGlobalSection
	GlobalSection(ExtensibilityGlobals) = postSolution
		SolutionGuid = {CE646ADE-6C1D-3510-AD48-F1EBDA1CA56D}
	EndGlobalSection
	GlobalSection(ExtensibilityAddIns) = postSolution
	EndGlobalSection
EndGlobal
