<?xml version="1.0" encoding="utf-8"?>
<Project ToolsVersion="16.0" xmlns="http://schemas.microsoft.com/developer/msbuild/2003">
  <ItemGroup>
    <CustomBuild Include="D:\work\source\aoc\2016\day00\buildWin\CMakeFiles\f8cf8e59708de6ab085111fbad1bae06\generate.stamp.rule">
      <Filter>CMake Rules</Filter>
    </CustomBuild>
  </ItemGroup>
  <ItemGroup>
    <Filter Include="CMake Rules">
      <UniqueIdentifier>{E13596FD-1775-3D8B-86CF-04FF660E4164}</UniqueIdentifier>
    </Filter>
  </ItemGroup>
</Project>
